
Microsoft Visual Studio Solution File, Format Version 12.00
# Visual Studio Version 17
VisualStudioVersion = 17.0.32126.317
MinimumVisualStudioVersion = 10.0.40219.1
Project("{FAE04EC0-301F-11D3-BF4B-00C04F79EFBC}") = "User-Registration-API", "User-Registration-API\User-Registration-API.csproj", "{6FC73383-3EF2-4B38-B8B5-EDE5A7FC1979}"
EndProject
Project("{E53339B2-1760-4266-BCC7-CA923CBCF16C}") = "docker-compose", "docker-compose.dcproj", "{872EE1C2-2728-4A3F-A06F-F2A0CFA8B146}"
EndProject
Global
	GlobalSection(SolutionConfigurationPlatforms) = preSolution
		Debug|Any CPU = Debug|Any CPU
		Release|Any CPU = Release|Any CPU
	EndGlobalSection
	GlobalSection(ProjectConfigurationPlatforms) = postSolution
		{6FC73383-3EF2-4B38-B8B5-EDE5A7FC1979}.Debug|Any CPU.ActiveCfg = Debug|Any CPU
		{6FC73383-3EF2-4B38-B8B5-EDE5A7FC1979}.Debug|Any CPU.Build.0 = Debug|Any CPU
		{6FC73383-3EF2-4B38-B8B5-EDE5A7FC1979}.Release|Any CPU.ActiveCfg = Release|Any CPU
		{6FC73383-3EF2-4B38-B8B5-EDE5A7FC1979}.Release|Any CPU.Build.0 = Release|Any CPU
		{872EE1C2-2728-4A3F-A06F-F2A0CFA8B146}.Debug|Any CPU.ActiveCfg = Debug|Any CPU
		{872EE1C2-2728-4A3F-A06F-F2A0CFA8B146}.Debug|Any CPU.Build.0 = Debug|Any CPU
		{872EE1C2-2728-4A3F-A06F-F2A0CFA8B146}.Release|Any CPU.ActiveCfg = Release|Any CPU
		{872EE1C2-2728-4A3F-A06F-F2A0CFA8B146}.Release|Any CPU.Build.0 = Release|Any CPU
	EndGlobalSection
	GlobalSection(SolutionProperties) = preSolution
		HideSolutionNode = FALSE
	EndGlobalSection
	GlobalSection(ExtensibilityGlobals) = postSolution
		SolutionGuid = {EC737F00-ED95-4E8E-AA7A-2976BAA387F2}
	EndGlobalSection
EndGlobal
